{
  "name": "headlesscms",
  "version": "1.0.0",
  "lockfileVersion": 1,
  "requires": true,
  "dependencies": {
    "circletype": {
      "version": "2.3.0",
      "resolved": "https://registry.npmjs.org/circletype/-/circletype-2.3.0.tgz",
      "integrity": "sha512-bg+aWmtljs6K2LNIoPg6NqHY5vUdTHtD2GH7snwdouRUmJVDtqfrXnZf7ZUH+PUs0Yz6tmZfG7TDMUMPk86bXg==",
      "requires": {
        "core-js": "^2.5.6"
      }
    },
    "core-js": {
      "version": "2.6.9",
      "resolved": "https://registry.npmjs.org/core-js/-/core-js-2.6.9.tgz",
      "integrity": "sha512-HOpZf6eXmnl7la+cUdMnLvUxKNqLUzJvgIziQ0DiF3JwSImNphIqdGqzj6hIKyX04MmV0poclQ7+wjWvxQyR2A=="
    },
    "extend": {
      "version": "3.0.2",
      "resolved": "https://registry.npmjs.org/extend/-/extend-3.0.2.tgz",
      "integrity": "sha512-fjquC59cD7CyW6urNXK0FBufkZcoiGG80wTuPujX590cB5Ttln20E2UB4S/WARVqhXffZl2LNgS+gQdPIIim/g=="
    },
    "flowtype-js": {
      "version": "0.1.1",
      "resolved": "https://registry.npmjs.org/flowtype-js/-/flowtype-js-0.1.1.tgz",
      "integrity": "sha1-fLfg2Xmdqz/rrIDI1VxMwlhivUc=",
      "requires": {
        "extend": "^3.0.0",
        "get-size": "^2.0.2"
      }
    },
    "get-size": {
      "version": "2.0.3",
      "resolved": "https://registry.npmjs.org/get-size/-/get-size-2.0.3.tgz",
      "integrity": "sha512-lXNzT/h/dTjTxRbm9BXb+SGxxzkm97h/PCIKtlN/CBCxxmkkIVV21udumMS93MuVTDX583gqc94v3RjuHmI+2Q=="
    },
    "jquery": {
      "version": "3.5.0",
      "resolved": "https://registry.npmjs.org/jquery/-/jquery-3.5.0.tgz",
      "integrity": "sha512-Xb7SVYMvygPxbFMpTFQiHh1J7HClEaThguL15N/Gg37Lri/qKyhRGZYzHRyLH8Stq3Aow0LsHO2O2ci86fCrNQ=="
    },
    "letteringjs": {
      "version": "0.7.0",
      "resolved": "https://registry.npmjs.org/letteringjs/-/letteringjs-0.7.0.tgz",
      "integrity": "sha1-qfAu2CZbRKeMBHjsWwGb8IhPtYI=",
      "requires": {
        "jquery": ">= 1.6.2"
      }
    },
    "normalize-scss": {
      "version": "7.0.1",
      "resolved": "https://registry.npmjs.org/normalize-scss/-/normalize-scss-7.0.1.tgz",
      "integrity": "sha512-qj16bWnYs+9/ac29IgGjySg4R5qQTp1lXfm7ApFOZNVBYFY8RZ3f8+XQNDDLHeDtI3Ba7Jj4+LuPgz9v/fne2A=="
    },
    "shuffle-text": {
      "version": "0.2.8",
      "resolved": "https://registry.npmjs.org/shuffle-text/-/shuffle-text-0.2.8.tgz",
      "integrity": "sha512-D+XLkkMlRd51axh1+bPXNI2LBw9DCSiBxPdACNC4w1OoMlpEEbvQ1UuKNuXaQZ3ZNaLuw0/phsxbv8AdAuk3dQ=="
    },
    "simplefocus-flowtype-js": {
      "version": "1.1.0",
      "resolved": "https://registry.npmjs.org/simplefocus-flowtype-js/-/simplefocus-flowtype-js-1.1.0.tgz",
      "integrity": "sha1-x7kSM5SK7IPMOu3dTHU7YxlKqN4="
    }
  }
}
